// !$*UTF8*$!
{
	archiveVersion = 1;
	classes = {
	};
	objectVersion = 77;
	objects = {

/* Begin PBXBuildFile section */
		A10000000000000000000001 /* PicPacPoeApp.swift in Sources */ = {isa = PBXBuildFile; fileRef = A20000000000000000000001 /* PicPacPoeApp.swift */; };
		A10000000000000000000002 /* PicPacPresentation in Frameworks */ = {isa = PBXBuildFile; productRef = B10000000000000000000001 /* PicPacPresentation */; };
		A10000000000000000000003 /* PicPacAI in Frameworks */ = {isa = PBXBuildFile; productRef = B10000000000000000000002 /* PicPacAI */; };
		C10000000000000000000001 /* PicPacPoeIntegrationTests.swift in Sources */ = {isa = PBXBuildFile; fileRef = C30000000000000000000001 /* PicPacPoeIntegrationTests.swift */; };
		C10000000000000000000002 /* PicPacPresentation in Frameworks */ = {isa = PBXBuildFile; productRef = B10000000000000000000001 /* PicPacPresentation */; };
		D10000000000000000000001 /* FormTheme.swift in Sources */ = {isa = PBXBuildFile; fileRef = D20000000000000000000001 /* FormTheme.swift */; };
		D10000000000000000000002 /* PhysicalBoard.swift in Sources */ = {isa = PBXBuildFile; fileRef = D20000000000000000000002 /* PhysicalBoard.swift */; };
		D10000000000000000000003 /* HomeView.swift in Sources */ = {isa = PBXBuildFile; fileRef = D20000000000000000000003 /* HomeView.swift */; };
		D10000000000000000000004 /* GameView.swift in Sources */ = {isa = PBXBuildFile; fileRef = D20000000000000000000004 /* GameView.swift */; };
		D10000000000000000000005 /* InfoViews.swift in Sources */ = {isa = PBXBuildFile; fileRef = D20000000000000000000005 /* InfoViews.swift */; };
		D10000000000000000000006 /* FeedbackService.swift in Sources */ = {isa = PBXBuildFile; fileRef = D20000000000000000000006 /* FeedbackService.swift */; };
		D10000000000000000000007 /* DebugLaunchConfiguration.swift in Sources */ = {isa = PBXBuildFile; fileRef = D20000000000000000000007 /* DebugLaunchConfiguration.swift */; };
		D10000000000000000000008 /* ProductionAIWorker.swift in Sources */ = {isa = PBXBuildFile; fileRef = D20000000000000000000008 /* ProductionAIWorker.swift */; };
		D30000000000000000000001 /* fredoka_medium.ttf in Resources */ = {isa = PBXBuildFile; fileRef = D40000000000000000000001 /* fredoka_medium.ttf */; };
		D30000000000000000000002 /* fredoka_semibold.ttf in Resources */ = {isa = PBXBuildFile; fileRef = D40000000000000000000002 /* fredoka_semibold.ttf */; };
		D30000000000000000000003 /* fredoka-OFL.txt in Resources */ = {isa = PBXBuildFile; fileRef = D40000000000000000000003 /* fredoka-OFL.txt */; };
		E10000000000000000000001 = {isa = PBXBuildFile; fileRef = E20000000000000000000001; };
		F10000000000000000000001 /* Assets.xcassets in Resources */ = {isa = PBXBuildFile; fileRef = F20000000000000000000001 /* Assets.xcassets */; };
		F10000000000000000000002 /* PrivacyInfo.xcprivacy in Resources */ = {isa = PBXBuildFile; fileRef = F20000000000000000000002 /* PrivacyInfo.xcprivacy */; };
/* End PBXBuildFile section */

/* Begin PBXContainerItemProxy section */
		C20000000000000000000001 /* PBXContainerItemProxy */ = {
			isa = PBXContainerItemProxy;
			containerPortal = A80000000000000000000001 /* Project object */;
			proxyType = 1;
			remoteGlobalIDString = A50000000000000000000001;
			remoteInfo = PicPacPoe;
		};
		E50000000000000000000001 = {isa = PBXContainerItemProxy; containerPortal = A80000000000000000000001; proxyType = 1; remoteGlobalIDString = A50000000000000000000001; remoteInfo = PicPacPoe; };
/* End PBXContainerItemProxy section */

/* Begin PBXFileReference section */
		A20000000000000000000001 /* PicPacPoeApp.swift */ = {isa = PBXFileReference; lastKnownFileType = sourcecode.swift; path = PicPacPoeApp.swift; sourceTree = "<group>"; };
		A20000000000000000000002 /* PicPacPoe.app */ = {isa = PBXFileReference; explicitFileType = wrapper.application; includeInIndex = 0; path = PicPacPoe.app; sourceTree = BUILT_PRODUCTS_DIR; };
		A20000000000000000000003 /* Debug.xcconfig */ = {isa = PBXFileReference; lastKnownFileType = text.xcconfig; path = Debug.xcconfig; sourceTree = "<group>"; };
		A20000000000000000000004 /* Test.xcconfig */ = {isa = PBXFileReference; lastKnownFileType = text.xcconfig; path = Test.xcconfig; sourceTree = "<group>"; };
		A20000000000000000000005 /* Shared.xcconfig */ = {isa = PBXFileReference; lastKnownFileType = text.xcconfig; path = Shared.xcconfig; sourceTree = "<group>"; };
		A20000000000000000000006 /* Info.plist */ = {isa = PBXFileReference; lastKnownFileType = text.plist.xml; path = Info.plist; sourceTree = "<group>"; };
		A20000000000000000000007 /* Release.xcconfig */ = {isa = PBXFileReference; lastKnownFileType = text.xcconfig; path = Release.xcconfig; sourceTree = "<group>"; };
		C30000000000000000000001 /* PicPacPoeIntegrationTests.swift */ = {isa = PBXFileReference; lastKnownFileType = sourcecode.swift; path = PicPacPoeIntegrationTests.swift; sourceTree = "<group>"; };
		C30000000000000000000002 /* PicPacPoeTests.xctest */ = {isa = PBXFileReference; explicitFileType = wrapper.cfbundle; includeInIndex = 0; path = PicPacPoeTests.xctest; sourceTree = BUILT_PRODUCTS_DIR; };
		D20000000000000000000001 /* FormTheme.swift */ = {isa = PBXFileReference; lastKnownFileType = sourcecode.swift; path = FormTheme.swift; sourceTree = "<group>"; };
		D20000000000000000000002 /* PhysicalBoard.swift */ = {isa = PBXFileReference; lastKnownFileType = sourcecode.swift; path = PhysicalBoard.swift; sourceTree = "<group>"; };
		D20000000000000000000003 /* HomeView.swift */ = {isa = PBXFileReference; lastKnownFileType = sourcecode.swift; path = HomeView.swift; sourceTree = "<group>"; };
		D20000000000000000000004 /* GameView.swift */ = {isa = PBXFileReference; lastKnownFileType = sourcecode.swift; path = GameView.swift; sourceTree = "<group>"; };
		D20000000000000000000005 /* InfoViews.swift */ = {isa = PBXFileReference; lastKnownFileType = sourcecode.swift; path = InfoViews.swift; sourceTree = "<group>"; };
		D20000000000000000000006 /* FeedbackService.swift */ = {isa = PBXFileReference; lastKnownFileType = sourcecode.swift; path = FeedbackService.swift; sourceTree = "<group>"; };
		D20000000000000000000007 /* DebugLaunchConfiguration.swift */ = {isa = PBXFileReference; lastKnownFileType = sourcecode.swift; path = DebugLaunchConfiguration.swift; sourceTree = "<group>"; };
		D20000000000000000000008 /* ProductionAIWorker.swift */ = {isa = PBXFileReference; lastKnownFileType = sourcecode.swift; path = ProductionAIWorker.swift; sourceTree = "<group>"; };
		D40000000000000000000001 /* fredoka_medium.ttf */ = {isa = PBXFileReference; lastKnownFileType = file; name = "fredoka_medium.ttf"; path = "../app/src/main/res/font/fredoka_medium.ttf"; sourceTree = SOURCE_ROOT; };
		D40000000000000000000002 /* fredoka_semibold.ttf */ = {isa = PBXFileReference; lastKnownFileType = file; name = "fredoka_semibold.ttf"; path = "../app/src/main/res/font/fredoka_semibold.ttf"; sourceTree = SOURCE_ROOT; };
		D40000000000000000000003 /* fredoka-OFL.txt */ = {isa = PBXFileReference; lastKnownFileType = text; name = "fredoka-OFL.txt"; path = "../app/src/main/assets/licenses/fredoka-OFL.txt"; sourceTree = SOURCE_ROOT; };
		E20000000000000000000001 = {isa = PBXFileReference; lastKnownFileType = sourcecode.swift; path = PicPacPoeUITests.swift; sourceTree = "<group>"; };
		E20000000000000000000002 = {isa = PBXFileReference; explicitFileType = wrapper.cfbundle; includeInIndex = 0; path = PicPacPoeUITests.xctest; sourceTree = BUILT_PRODUCTS_DIR; };
		F20000000000000000000001 /* Assets.xcassets */ = {isa = PBXFileReference; lastKnownFileType = folder.assetcatalog; path = Assets.xcassets; sourceTree = "<group>"; };
		F20000000000000000000002 /* PrivacyInfo.xcprivacy */ = {isa = PBXFileReference; lastKnownFileType = text.xml; path = PrivacyInfo.xcprivacy; sourceTree = "<group>"; };
/* End PBXFileReference section */

/* Begin PBXFrameworksBuildPhase section */
		A30000000000000000000001 /* Frameworks */ = {
			isa = PBXFrameworksBuildPhase;
			buildActionMask = 2147483647;
			files = (
				A10000000000000000000002 /* PicPacPresentation in Frameworks */,
				A10000000000000000000003 /* PicPacAI in Frameworks */,
			);
			runOnlyForDeploymentPostprocessing = 0;
		};
		C40000000000000000000001 /* Frameworks */ = {
			isa = PBXFrameworksBuildPhase;
			buildActionMask = 2147483647;
			files = (
				C10000000000000000000002 /* PicPacPresentation in Frameworks */,
			);
			runOnlyForDeploymentPostprocessing = 0;
		};
		E40000000000000000000002 = {isa = PBXFrameworksBuildPhase; buildActionMask = 2147483647; files = (); runOnlyForDeploymentPostprocessing = 0; };
/* End PBXFrameworksBuildPhase section */

/* Begin PBXGroup section */
		A40000000000000000000001 = {
			isa = PBXGroup;
			children = (
				A40000000000000000000002 /* PicPacPoe */,
				C50000000000000000000001 /* PicPacPoeTests */,
				E30000000000000000000001 /* PicPacPoeUITests */,
				A40000000000000000000003 /* Config */,
				A40000000000000000000004 /* Products */,
			);
			sourceTree = "<group>";
		};
		A40000000000000000000002 /* PicPacPoe */ = {
			isa = PBXGroup;
			children = (
				A20000000000000000000001 /* PicPacPoeApp.swift */,
				A20000000000000000000006 /* Info.plist */,
				F20000000000000000000001 /* Assets.xcassets */,
				F20000000000000000000002 /* PrivacyInfo.xcprivacy */,
				D20000000000000000000001 /* FormTheme.swift */,
				D20000000000000000000002 /* PhysicalBoard.swift */,
				D20000000000000000000003 /* HomeView.swift */,
				D20000000000000000000004 /* GameView.swift */,
				D20000000000000000000005 /* InfoViews.swift */,
				D20000000000000000000006 /* FeedbackService.swift */,
				D20000000000000000000007 /* DebugLaunchConfiguration.swift */,
				D20000000000000000000008 /* ProductionAIWorker.swift */,
				D40000000000000000000001 /* fredoka_medium.ttf */,
				D40000000000000000000002 /* fredoka_semibold.ttf */,
				D40000000000000000000003 /* fredoka-OFL.txt */,
			);
			path = PicPacPoe;
			sourceTree = "<group>";
		};
		A40000000000000000000003 /* Config */ = {
			isa = PBXGroup;
			children = (
				A20000000000000000000005 /* Shared.xcconfig */,
				A20000000000000000000003 /* Debug.xcconfig */,
				A20000000000000000000004 /* Test.xcconfig */,
				A20000000000000000000007 /* Release.xcconfig */,
			);
			path = Config;
			sourceTree = "<group>";
		};
		A40000000000000000000004 /* Products */ = {
			isa = PBXGroup;
			children = (
				A20000000000000000000002 /* PicPacPoe.app */,
				C30000000000000000000002 /* PicPacPoeTests.xctest */,
				E20000000000000000000002 /* PicPacPoeUITests.xctest */,
			);
			name = Products;
			sourceTree = "<group>";
		};
		C50000000000000000000001 /* PicPacPoeTests */ = {
			isa = PBXGroup;
			children = (
				C30000000000000000000001 /* PicPacPoeIntegrationTests.swift */,
			);
			path = PicPacPoeTests;
			sourceTree = "<group>";
		};
		E30000000000000000000001 = {isa = PBXGroup; children = (E20000000000000000000001,); path = PicPacPoeUITests; sourceTree = "<group>"; };
/* End PBXGroup section */

/* Begin PBXNativeTarget section */
		A50000000000000000000001 /* PicPacPoe */ = {
			isa = PBXNativeTarget;
			buildConfigurationList = A90000000000000000000002 /* Build configuration list for PBXNativeTarget "PicPacPoe" */;
			buildPhases = (
				A60000000000000000000001 /* Sources */,
				A30000000000000000000001 /* Frameworks */,
				A70000000000000000000001 /* Resources */,
			);
			buildRules = (
			);
			dependencies = (
			);
			name = PicPacPoe;
			packageProductDependencies = (
				B10000000000000000000001 /* PicPacPresentation */,
				B10000000000000000000002 /* PicPacAI */,
			);
			productName = PicPacPoe;
			productReference = A20000000000000000000002 /* PicPacPoe.app */;
			productType = "com.apple.product-type.application";
		};
		C60000000000000000000001 /* PicPacPoeTests */ = {
			isa = PBXNativeTarget;
			buildConfigurationList = CC0000000000000000000001 /* Build configuration list for PBXNativeTarget "PicPacPoeTests" */;
			buildPhases = (
				C80000000000000000000001 /* Sources */,
				C40000000000000000000001 /* Frameworks */,
				C70000000000000000000001 /* Resources */,
			);
			buildRules = (
			);
			dependencies = (
				C90000000000000000000001 /* PBXTargetDependency */,
			);
			name = PicPacPoeTests;
			packageProductDependencies = (
				B10000000000000000000001 /* PicPacPresentation */,
			);
			productName = PicPacPoeTests;
			productReference = C30000000000000000000002 /* PicPacPoeTests.xctest */;
			productType = "com.apple.product-type.bundle.unit-test";
		};
		E60000000000000000000001 /* PicPacPoeUITests */ = {
            isa = PBXNativeTarget;
            buildConfigurationList = E70000000000000000000001;
            buildPhases = (E40000000000000000000001, E40000000000000000000002, E40000000000000000000003,);
            buildRules = ();
            dependencies = (E50000000000000000000002,);
            name = PicPacPoeUITests;
            productName = PicPacPoeUITests;
            productReference = E20000000000000000000002;
            productType = "com.apple.product-type.bundle.ui-testing";
        };
/* End PBXNativeTarget section */

/* Begin PBXProject section */
		A80000000000000000000001 /* Project object */ = {
			isa = PBXProject;
			attributes = {
				BuildIndependentTargetsInParallel = 1;
				LastSwiftUpdateCheck = 2660;
				LastUpgradeCheck = 2660;
				TargetAttributes = {
					A50000000000000000000001 = {
						CreatedOnToolsVersion = 26.6;
					};
					C60000000000000000000001 = {
						CreatedOnToolsVersion = 26.6;
						TestTargetID = A50000000000000000000001;
					};
				};
			};
			buildConfigurationList = A90000000000000000000001 /* Build configuration list for PBXProject "PicPacPoe" */;
			compatibilityVersion = "Xcode 16.0";
			developmentRegion = en;
			hasScannedForEncodings = 0;
			knownRegions = (
				en,
				Base,
			);
			mainGroup = A40000000000000000000001;
			preferredProjectObjectVersion = 77;
			productRefGroup = A40000000000000000000004 /* Products */;
			packageReferences = (
				B20000000000000000000001 /* XCLocalSwiftPackageReference "Packages/PicPacKit" */,
			);
			projectDirPath = "";
			projectRoot = "";
			targets = (
				A50000000000000000000001 /* PicPacPoe */,
				C60000000000000000000001 /* PicPacPoeTests */,
				E60000000000000000000001 /* PicPacPoeUITests */,
			);
		};
/* End PBXProject section */

/* Begin PBXResourcesBuildPhase section */
		A70000000000000000000001 /* Resources */ = {
			isa = PBXResourcesBuildPhase;
			buildActionMask = 2147483647;
			files = (
				D30000000000000000000001 /* fredoka_medium.ttf in Resources */,
				D30000000000000000000002 /* fredoka_semibold.ttf in Resources */,
				D30000000000000000000003 /* fredoka-OFL.txt in Resources */,
				F10000000000000000000001 /* Assets.xcassets in Resources */,
				F10000000000000000000002 /* PrivacyInfo.xcprivacy in Resources */,
			);
			runOnlyForDeploymentPostprocessing = 0;
		};
		C70000000000000000000001 /* Resources */ = {
			isa = PBXResourcesBuildPhase;
			buildActionMask = 2147483647;
			files = (
			);
			runOnlyForDeploymentPostprocessing = 0;
		};
		E40000000000000000000003 = {isa = PBXResourcesBuildPhase; buildActionMask = 2147483647; files = (); runOnlyForDeploymentPostprocessing = 0; };
/* End PBXResourcesBuildPhase section */

/* Begin PBXSourcesBuildPhase section */
		A60000000000000000000001 /* Sources */ = {
			isa = PBXSourcesBuildPhase;
			buildActionMask = 2147483647;
			files = (
				A10000000000000000000001 /* PicPacPoeApp.swift in Sources */,
				D10000000000000000000001 /* FormTheme.swift in Sources */,
				D10000000000000000000002 /* PhysicalBoard.swift in Sources */,
				D10000000000000000000003 /* HomeView.swift in Sources */,
				D10000000000000000000004 /* GameView.swift in Sources */,
				D10000000000000000000005 /* InfoViews.swift in Sources */,
				D10000000000000000000006 /* FeedbackService.swift in Sources */,
				D10000000000000000000007 /* DebugLaunchConfiguration.swift in Sources */,
				D10000000000000000000008 /* ProductionAIWorker.swift in Sources */,
			);
			runOnlyForDeploymentPostprocessing = 0;
		};
		C80000000000000000000001 /* Sources */ = {
			isa = PBXSourcesBuildPhase;
			buildActionMask = 2147483647;
			files = (
				C10000000000000000000001 /* PicPacPoeIntegrationTests.swift in Sources */,
			);
			runOnlyForDeploymentPostprocessing = 0;
		};
		E40000000000000000000001 = {isa = PBXSourcesBuildPhase; buildActionMask = 2147483647; files = (E10000000000000000000001,); runOnlyForDeploymentPostprocessing = 0; };
/* End PBXSourcesBuildPhase section */

/* Begin PBXTargetDependency section */
		C90000000000000000000001 /* PBXTargetDependency */ = {
			isa = PBXTargetDependency;
			target = A50000000000000000000001 /* PicPacPoe */;
			targetProxy = C20000000000000000000001 /* PBXContainerItemProxy */;
		};
		E50000000000000000000002 = {isa = PBXTargetDependency; target = A50000000000000000000001; targetProxy = E50000000000000000000001; };
/* End PBXTargetDependency section */

/* Begin XCBuildConfiguration section */
		AA0000000000000000000001 /* Debug */ = {
			isa = XCBuildConfiguration;
			buildSettings = {
				ALWAYS_SEARCH_USER_PATHS = NO;
				CLANG_ANALYZER_NONNULL = YES;
				CLANG_ANALYZER_NUMBER_OBJECT_CONVERSION = YES_AGGRESSIVE;
				CLANG_CXX_LANGUAGE_STANDARD = "gnu++20";
				CLANG_ENABLE_MODULES = YES;
				CLANG_ENABLE_OBJC_ARC = YES;
				CLANG_WARN_BLOCK_CAPTURE_AUTORELEASING = YES;
				CLANG_WARN_BOOL_CONVERSION = YES;
				CLANG_WARN_COMMA = YES;
				CLANG_WARN_CONSTANT_CONVERSION = YES;
				CLANG_WARN_DEPRECATED_OBJC_IMPLEMENTATIONS = YES;
				CLANG_WARN_DIRECT_OBJC_ISA_USAGE = YES_ERROR;
				CLANG_WARN_DOCUMENTATION_COMMENTS = YES;
				CLANG_WARN_EMPTY_BODY = YES;
				CLANG_WARN_ENUM_CONVERSION = YES;
				CLANG_WARN_INFINITE_RECURSION = YES;
				CLANG_WARN_INT_CONVERSION = YES;
				CLANG_WARN_NON_LITERAL_NULL_CONVERSION = YES;
				CLANG_WARN_OBJC_IMPLICIT_RETAIN_SELF = YES;
				CLANG_WARN_OBJC_LITERAL_CONVERSION = YES;
				CLANG_WARN_OBJC_ROOT_CLASS = YES_ERROR;
				CLANG_WARN_QUOTED_INCLUDE_IN_FRAMEWORK_HEADER = YES;
				CLANG_WARN_RANGE_LOOP_ANALYSIS = YES;
				CLANG_WARN_STRICT_PROTOTYPES = YES;
				CLANG_WARN_SUSPICIOUS_MOVE = YES;
				CLANG_WARN_UNGUARDED_AVAILABILITY = YES_AGGRESSIVE;
				CLANG_WARN_UNREACHABLE_CODE = YES;
				CLANG_WARN__DUPLICATE_METHOD_MATCH = YES;
				COPY_PHASE_STRIP = NO;
				ENABLE_STRICT_OBJC_MSGSEND = YES;
				GCC_C_LANGUAGE_STANDARD = gnu17;
				GCC_NO_COMMON_BLOCKS = YES;
				GCC_WARN_64_TO_32_BIT_CONVERSION = YES;
				GCC_WARN_ABOUT_RETURN_TYPE = YES_ERROR;
				GCC_WARN_UNDECLARED_SELECTOR = YES;
				GCC_WARN_UNINITIALIZED_AUTOS = YES_AGGRESSIVE;
				GCC_WARN_UNUSED_FUNCTION = YES;
				GCC_WARN_UNUSED_VARIABLE = YES;
				LOCALIZATION_PREFERS_STRING_CATALOGS = YES;
				MTL_ENABLE_DEBUG_INFO = INCLUDE_SOURCE;
				MTL_FAST_MATH = YES;
				SDKROOT = iphoneos;
			};
			name = Debug;
		};
		AA0000000000000000000002 /* Test */ = {
			isa = XCBuildConfiguration;
			buildSettings = {
				ALWAYS_SEARCH_USER_PATHS = NO;
				CLANG_ANALYZER_NONNULL = YES;
				CLANG_ANALYZER_NUMBER_OBJECT_CONVERSION = YES_AGGRESSIVE;
				CLANG_CXX_LANGUAGE_STANDARD = "gnu++20";
				CLANG_ENABLE_MODULES = YES;
				CLANG_ENABLE_OBJC_ARC = YES;
				CLANG_WARN_BLOCK_CAPTURE_AUTORELEASING = YES;
				CLANG_WARN_BOOL_CONVERSION = YES;
				CLANG_WARN_COMMA = YES;
				CLANG_WARN_CONSTANT_CONVERSION = YES;
				CLANG_WARN_DEPRECATED_OBJC_IMPLEMENTATIONS = YES;
				CLANG_WARN_DIRECT_OBJC_ISA_USAGE = YES_ERROR;
				CLANG_WARN_DOCUMENTATION_COMMENTS = YES;
				CLANG_WARN_EMPTY_BODY = YES;
				CLANG_WARN_ENUM_CONVERSION = YES;
				CLANG_WARN_INFINITE_RECURSION = YES;
				CLANG_WARN_INT_CONVERSION = YES;
				CLANG_WARN_NON_LITERAL_NULL_CONVERSION = YES;
				CLANG_WARN_OBJC_IMPLICIT_RETAIN_SELF = YES;
				CLANG_WARN_OBJC_LITERAL_CONVERSION = YES;
				CLANG_WARN_OBJC_ROOT_CLASS = YES_ERROR;
				CLANG_WARN_QUOTED_INCLUDE_IN_FRAMEWORK_HEADER = YES;
				CLANG_WARN_RANGE_LOOP_ANALYSIS = YES;
				CLANG_WARN_STRICT_PROTOTYPES = YES;
				CLANG_WARN_SUSPICIOUS_MOVE = YES;
				CLANG_WARN_UNGUARDED_AVAILABILITY = YES_AGGRESSIVE;
				CLANG_WARN_UNREACHABLE_CODE = YES;
				CLANG_WARN__DUPLICATE_METHOD_MATCH = YES;
				COPY_PHASE_STRIP = NO;
				ENABLE_STRICT_OBJC_MSGSEND = YES;
				GCC_C_LANGUAGE_STANDARD = gnu17;
				GCC_NO_COMMON_BLOCKS = YES;
				GCC_WARN_64_TO_32_BIT_CONVERSION = YES;
				GCC_WARN_ABOUT_RETURN_TYPE = YES_ERROR;
				GCC_WARN_UNDECLARED_SELECTOR = YES;
				GCC_WARN_UNINITIALIZED_AUTOS = YES_AGGRESSIVE;
				GCC_WARN_UNUSED_FUNCTION = YES;
				GCC_WARN_UNUSED_VARIABLE = YES;
				LOCALIZATION_PREFERS_STRING_CATALOGS = YES;
				MTL_ENABLE_DEBUG_INFO = INCLUDE_SOURCE;
				MTL_FAST_MATH = YES;
				SDKROOT = iphoneos;
			};
			name = Test;
		};
		AA0000000000000000000005 /* Release */ = {
			isa = XCBuildConfiguration;
			buildSettings = {
				ALWAYS_SEARCH_USER_PATHS = NO;
				CLANG_ANALYZER_NONNULL = YES;
				CLANG_ANALYZER_NUMBER_OBJECT_CONVERSION = YES_AGGRESSIVE;
				CLANG_CXX_LANGUAGE_STANDARD = "gnu++20";
				CLANG_ENABLE_MODULES = YES;
				CLANG_ENABLE_OBJC_ARC = YES;
				CLANG_WARN_BLOCK_CAPTURE_AUTORELEASING = YES;
				CLANG_WARN_BOOL_CONVERSION = YES;
				CLANG_WARN_COMMA = YES;
				CLANG_WARN_CONSTANT_CONVERSION = YES;
				CLANG_WARN_DEPRECATED_OBJC_IMPLEMENTATIONS = YES;
				CLANG_WARN_DIRECT_OBJC_ISA_USAGE = YES_ERROR;
				CLANG_WARN_DOCUMENTATION_COMMENTS = YES;
				CLANG_WARN_EMPTY_BODY = YES;
				CLANG_WARN_ENUM_CONVERSION = YES;
				CLANG_WARN_INFINITE_RECURSION = YES;
				CLANG_WARN_INT_CONVERSION = YES;
				CLANG_WARN_NON_LITERAL_NULL_CONVERSION = YES;
				CLANG_WARN_OBJC_IMPLICIT_RETAIN_SELF = YES;
				CLANG_WARN_OBJC_LITERAL_CONVERSION = YES;
				CLANG_WARN_OBJC_ROOT_CLASS = YES_ERROR;
				CLANG_WARN_QUOTED_INCLUDE_IN_FRAMEWORK_HEADER = YES;
				CLANG_WARN_RANGE_LOOP_ANALYSIS = YES;
				CLANG_WARN_STRICT_PROTOTYPES = YES;
				CLANG_WARN_SUSPICIOUS_MOVE = YES;
				CLANG_WARN_UNGUARDED_AVAILABILITY = YES_AGGRESSIVE;
				CLANG_WARN_UNREACHABLE_CODE = YES;
				CLANG_WARN__DUPLICATE_METHOD_MATCH = YES;
				COPY_PHASE_STRIP = YES;
				ENABLE_CODE_COVERAGE = NO;
				CLANG_ENABLE_CODE_COVERAGE = NO;
				CLANG_COVERAGE_MAPPING = NO;
				ENABLE_NS_ASSERTIONS = NO;
				ENABLE_STRICT_OBJC_MSGSEND = YES;
				GCC_C_LANGUAGE_STANDARD = gnu17;
				GCC_NO_COMMON_BLOCKS = YES;
				GCC_WARN_64_TO_32_BIT_CONVERSION = YES;
				GCC_WARN_ABOUT_RETURN_TYPE = YES_ERROR;
				GCC_WARN_UNDECLARED_SELECTOR = YES;
				GCC_WARN_UNINITIALIZED_AUTOS = YES_AGGRESSIVE;
				GCC_WARN_UNUSED_FUNCTION = YES;
				GCC_WARN_UNUSED_VARIABLE = YES;
				LOCALIZATION_PREFERS_STRING_CATALOGS = YES;
				MTL_ENABLE_DEBUG_INFO = NO;
				MTL_FAST_MATH = YES;
				SDKROOT = iphoneos;
			};
			name = Release;
		};
		AA0000000000000000000003 /* Debug */ = {
			isa = XCBuildConfiguration;
			baseConfigurationReference = A20000000000000000000003 /* Debug.xcconfig */;
			buildSettings = {
				SWIFT_ACTIVE_COMPILATION_CONDITIONS = "$(inherited) DEBUG";
			};
			name = Debug;
		};
		AA0000000000000000000004 /* Test */ = {
			isa = XCBuildConfiguration;
			baseConfigurationReference = A20000000000000000000004 /* Test.xcconfig */;
			buildSettings = {
				SWIFT_ACTIVE_COMPILATION_CONDITIONS = "$(inherited) DEBUG";
			};
			name = Test;
		};
		AA0000000000000000000006 /* Release */ = {
			isa = XCBuildConfiguration;
			baseConfigurationReference = A20000000000000000000007 /* Release.xcconfig */;
			buildSettings = {
			};
			name = Release;
		};
		CB0000000000000000000001 /* Debug */ = {
			isa = XCBuildConfiguration;
			baseConfigurationReference = A20000000000000000000003 /* Debug.xcconfig */;
			buildSettings = {
				SWIFT_ACTIVE_COMPILATION_CONDITIONS = "$(inherited) DEBUG";
				BUNDLE_LOADER = "$(TEST_HOST)";
				GENERATE_INFOPLIST_FILE = YES;
				INFOPLIST_FILE = "";
				PRODUCT_BUNDLE_IDENTIFIER = dev.saipranith.picpacpoe.tests;
				PRODUCT_NAME = "$(TARGET_NAME)";
				TEST_HOST = "$(BUILT_PRODUCTS_DIR)/PicPacPoe.app/$(BUNDLE_EXECUTABLE_FOLDER_PATH)/PicPacPoe";
			};
			name = Debug;
		};
		CB0000000000000000000002 /* Test */ = {
			isa = XCBuildConfiguration;
			baseConfigurationReference = A20000000000000000000004 /* Test.xcconfig */;
			buildSettings = {
				SWIFT_ACTIVE_COMPILATION_CONDITIONS = "$(inherited) DEBUG";
				BUNDLE_LOADER = "$(TEST_HOST)";
				GENERATE_INFOPLIST_FILE = YES;
				INFOPLIST_FILE = "";
				PRODUCT_BUNDLE_IDENTIFIER = dev.saipranith.picpacpoe.tests;
				PRODUCT_NAME = "$(TARGET_NAME)";
				TEST_HOST = "$(BUILT_PRODUCTS_DIR)/PicPacPoe.app/$(BUNDLE_EXECUTABLE_FOLDER_PATH)/PicPacPoe";
			};
			name = Test;
		};
		CB0000000000000000000003 /* Release */ = {
			isa = XCBuildConfiguration;
			baseConfigurationReference = A20000000000000000000007 /* Release.xcconfig */;
			buildSettings = {
				BUNDLE_LOADER = "$(TEST_HOST)";
				GENERATE_INFOPLIST_FILE = YES;
				INFOPLIST_FILE = "";
				PRODUCT_BUNDLE_IDENTIFIER = dev.saipranith.picpacpoe.tests;
				PRODUCT_NAME = "$(TARGET_NAME)";
				TEST_HOST = "$(BUILT_PRODUCTS_DIR)/PicPacPoe.app/$(BUNDLE_EXECUTABLE_FOLDER_PATH)/PicPacPoe";
			};
			name = Release;
		};
        E80000000000000000000001 /* Debug */ = {
            isa = XCBuildConfiguration;
            baseConfigurationReference = A20000000000000000000003;
            buildSettings = {
                GENERATE_INFOPLIST_FILE = YES;
                INFOPLIST_FILE = "";
                PRODUCT_BUNDLE_IDENTIFIER = dev.saipranith.picpacpoe.uitests;
                PRODUCT_NAME = "$(TARGET_NAME)";
                TEST_TARGET_NAME = PicPacPoe;
                SWIFT_ACTIVE_COMPILATION_CONDITIONS = "$(inherited) DEBUG";
            };
            name = Debug;
        };
        E80000000000000000000002 /* Test */ = {
            isa = XCBuildConfiguration;
            baseConfigurationReference = A20000000000000000000004;
            buildSettings = {
                GENERATE_INFOPLIST_FILE = YES;
                INFOPLIST_FILE = "";
                PRODUCT_BUNDLE_IDENTIFIER = dev.saipranith.picpacpoe.uitests;
                PRODUCT_NAME = "$(TARGET_NAME)";
                TEST_TARGET_NAME = PicPacPoe;
                SWIFT_ACTIVE_COMPILATION_CONDITIONS = "$(inherited) DEBUG";
            };
            name = Test;
        };
        E80000000000000000000003 /* Release */ = {
            isa = XCBuildConfiguration;
            baseConfigurationReference = A20000000000000000000007;
            buildSettings = {
                GENERATE_INFOPLIST_FILE = YES;
                INFOPLIST_FILE = "";
                PRODUCT_BUNDLE_IDENTIFIER = dev.saipranith.picpacpoe.uitests;
                PRODUCT_NAME = "$(TARGET_NAME)";
                TEST_TARGET_NAME = PicPacPoe;
            };
            name = Release;
        };
/* End XCBuildConfiguration section */

/* Begin XCConfigurationList section */
		A90000000000000000000001 /* Build configuration list for PBXProject "PicPacPoe" */ = {
			isa = XCConfigurationList;
			buildConfigurations = (
				AA0000000000000000000001 /* Debug */,
				AA0000000000000000000002 /* Test */,
				AA0000000000000000000005 /* Release */,
			);
			defaultConfigurationIsVisible = 0;
			defaultConfigurationName = Debug;
		};
		A90000000000000000000002 /* Build configuration list for PBXNativeTarget "PicPacPoe" */ = {
			isa = XCConfigurationList;
			buildConfigurations = (
				AA0000000000000000000003 /* Debug */,
				AA0000000000000000000004 /* Test */,
				AA0000000000000000000006 /* Release */,
			);
			defaultConfigurationIsVisible = 0;
			defaultConfigurationName = Debug;
		};
		CC0000000000000000000001 /* Build configuration list for PBXNativeTarget "PicPacPoeTests" */ = {
			isa = XCConfigurationList;
			buildConfigurations = (
				CB0000000000000000000001 /* Debug */,
				CB0000000000000000000002 /* Test */,
				CB0000000000000000000003 /* Release */,
			);
			defaultConfigurationIsVisible = 0;
			defaultConfigurationName = Debug;
		};
		E70000000000000000000001 = {isa = XCConfigurationList; buildConfigurations = (E80000000000000000000001, E80000000000000000000002, E80000000000000000000003,); defaultConfigurationIsVisible = 0; defaultConfigurationName = Debug; };
/* End XCConfigurationList section */

/* Begin XCLocalSwiftPackageReference section */
		B20000000000000000000001 /* XCLocalSwiftPackageReference "Packages/PicPacKit" */ = {
			isa = XCLocalSwiftPackageReference;
			relativePath = Packages/PicPacKit;
		};
/* End XCLocalSwiftPackageReference section */

/* Begin XCSwiftPackageProductDependency section */
		B10000000000000000000001 /* PicPacPresentation */ = {
			isa = XCSwiftPackageProductDependency;
			package = B20000000000000000000001 /* XCLocalSwiftPackageReference "Packages/PicPacKit" */;
			productName = PicPacPresentation;
		};
		B10000000000000000000002 /* PicPacAI */ = {
			isa = XCSwiftPackageProductDependency;
			package = B20000000000000000000001 /* XCLocalSwiftPackageReference "Packages/PicPacKit" */;
			productName = PicPacAI;
		};
/* End XCSwiftPackageProductDependency section */
	};
	rootObject = A80000000000000000000001 /* Project object */;
}
